
Microsoft Visual Studio Solution File, Format Version 12.00
# Visual Studio Version 16
VisualStudioVersion = 16.0.28803.452
MinimumVisualStudioVersion = 10.0.40219.1
Project("{FAE04EC0-301F-11D3-BF4B-00C04F79EFBC}") = "BadgeView.UWP", "BadgeView\BadgeView.UWP\BadgeView.UWP.csproj", "{A5D343DD-66D9-4110-A766-11D669557896}"
EndProject
Project("{FAE04EC0-301F-11D3-BF4B-00C04F79EFBC}") = "BadgeView.Android", "BadgeView\BadgeView.Android\BadgeView.Android.csproj", "{5E4095E2-8A6A-425F-958E-C6E127D3FCF1}"
EndProject
Project("{FAE04EC0-301F-11D3-BF4B-00C04F79EFBC}") = "BadgeView.iOS", "BadgeView\BadgeView.iOS\BadgeView.iOS.csproj", "{EE5C0EB6-FAA5-418C-B4A4-B81BB4BAAB6E}"
EndProject
Project("{FAE04EC0-301F-11D3-BF4B-00C04F79EFBC}") = "BadgeView", "BadgeView\BadgeView\BadgeView.csproj", "{02C72F97-6B68-4979-95B4-AA2D4637966B}"
EndProject
Global
	GlobalSection(SolutionConfigurationPlatforms) = preSolution
		Debug|Any CPU = Debug|Any CPU
		Debug|ARM = Debug|ARM
		Debug|iPhone = Debug|iPhone
		Debug|iPhoneSimulator = Debug|iPhoneSimulator
		Debug|x64 = Debug|x64
		Debug|x86 = Debug|x86
		Release|Any CPU = Release|Any CPU
		Release|ARM = Release|ARM
		Release|iPhone = Release|iPhone
		Release|iPhoneSimulator = Release|iPhoneSimulator
		Release|x64 = Release|x64
		Release|x86 = Release|x86
	EndGlobalSection
	GlobalSection(ProjectConfigurationPlatforms) = postSolution
		{A5D343DD-66D9-4110-A766-11D669557896}.Debug|Any CPU.ActiveCfg = Debug|x86
		{A5D343DD-66D9-4110-A766-11D669557896}.Debug|Any CPU.Build.0 = Debug|x86
		{A5D343DD-66D9-4110-A766-11D669557896}.Debug|Any CPU.Deploy.0 = Debug|x86
		{A5D343DD-66D9-4110-A766-11D669557896}.Debug|ARM.ActiveCfg = Debug|ARM
		{A5D343DD-66D9-4110-A766-11D669557896}.Debug|ARM.Build.0 = Debug|ARM
		{A5D343DD-66D9-4110-A766-11D669557896}.Debug|ARM.Deploy.0 = Debug|ARM
		{A5D343DD-66D9-4110-A766-11D669557896}.Debug|iPhone.ActiveCfg = Debug|x86
		{A5D343DD-66D9-4110-A766-11D669557896}.Debug|iPhone.Build.0 = Debug|x86
		{A5D343DD-66D9-4110-A766-11D669557896}.Debug|iPhone.Deploy.0 = Debug|x86
		{A5D343DD-66D9-4110-A766-11D669557896}.Debug|iPhoneSimulator.ActiveCfg = Debug|x86
		{A5D343DD-66D9-4110-A766-11D669557896}.Debug|iPhoneSimulator.Build.0 = Debug|x86
		{A5D343DD-66D9-4110-A766-11D669557896}.Debug|iPhoneSimulator.Deploy.0 = Debug|x86
		{A5D343DD-66D9-4110-A766-11D669557896}.Debug|x64.ActiveCfg = Debug|x64
		{A5D343DD-66D9-4110-A766-11D669557896}.Debug|x64.Build.0 = Debug|x64
		{A5D343DD-66D9-4110-A766-11D669557896}.Debug|x64.Deploy.0 = Debug|x64
		{A5D343DD-66D9-4110-A766-11D669557896}.Debug|x86.ActiveCfg = Debug|x86
		{A5D343DD-66D9-4110-A766-11D669557896}.Debug|x86.Build.0 = Debug|x86
		{A5D343DD-66D9-4110-A766-11D669557896}.Debug|x86.Deploy.0 = Debug|x86
		{A5D343DD-66D9-4110-A766-11D669557896}.Release|Any CPU.ActiveCfg = Release|x86
		{A5D343DD-66D9-4110-A766-11D669557896}.Release|Any CPU.Build.0 = Release|x86
		{A5D343DD-66D9-4110-A766-11D669557896}.Release|Any CPU.Deploy.0 = Release|x86
		{A5D343DD-66D9-4110-A766-11D669557896}.Release|ARM.ActiveCfg = Release|ARM
		{A5D343DD-66D9-4110-A766-11D669557896}.Release|ARM.Build.0 = Release|ARM
		{A5D343DD-66D9-4110-A766-11D669557896}.Release|ARM.Deploy.0 = Release|ARM
		{A5D343DD-66D9-4110-A766-11D669557896}.Release|iPhone.ActiveCfg = Release|x86
		{A5D343DD-66D9-4110-A766-11D669557896}.Release|iPhone.Build.0 = Release|x86
		{A5D343DD-66D9-4110-A766-11D669557896}.Release|iPhone.Deploy.0 = Release|x86
		{A5D343DD-66D9-4110-A766-11D669557896}.Release|iPhoneSimulator.ActiveCfg = Release|x86
		{A5D343DD-66D9-4110-A766-11D669557896}.Release|iPhoneSimulator.Build.0 = Release|x86
		{A5D343DD-66D9-4110-A766-11D669557896}.Release|iPhoneSimulator.Deploy.0 = Release|x86
		{A5D343DD-66D9-4110-A766-11D669557896}.Release|x64.ActiveCfg = Release|x64
		{A5D343DD-66D9-4110-A766-11D669557896}.Release|x64.Build.0 = Release|x64
		{A5D343DD-66D9-4110-A766-11D669557896}.Release|x64.Deploy.0 = Release|x64
		{A5D343DD-66D9-4110-A766-11D669557896}.Release|x86.ActiveCfg = Release|x86
		{A5D343DD-66D9-4110-A766-11D669557896}.Release|x86.Build.0 = Release|x86
		{A5D343DD-66D9-4110-A766-11D669557896}.Release|x86.Deploy.0 = Release|x86
		{5E4095E2-8A6A-425F-958E-C6E127D3FCF1}.Debug|Any CPU.ActiveCfg = Debug|Any CPU
		{5E4095E2-8A6A-425F-958E-C6E127D3FCF1}.Debug|Any CPU.Build.0 = Debug|Any CPU
		{5E4095E2-8A6A-425F-958E-C6E127D3FCF1}.Debug|Any CPU.Deploy.0 = Debug|Any CPU
		{5E4095E2-8A6A-425F-958E-C6E127D3FCF1}.Debug|ARM.ActiveCfg = Debug|Any CPU
		{5E4095E2-8A6A-425F-958E-C6E127D3FCF1}.Debug|ARM.Build.0 = Debug|Any CPU
		{5E4095E2-8A6A-425F-958E-C6E127D3FCF1}.Debug|ARM.Deploy.0 = Debug|Any CPU
		{5E4095E2-8A6A-425F-958E-C6E127D3FCF1}.Debug|iPhone.ActiveCfg = Debug|Any CPU
		{5E4095E2-8A6A-425F-958E-C6E127D3FCF1}.Debug|iPhone.Build.0 = Debug|Any CPU
		{5E4095E2-8A6A-425F-958E-C6E127D3FCF1}.Debug|iPhone.Deploy.0 = Debug|Any CPU
		{5E4095E2-8A6A-425F-958E-C6E127D3FCF1}.Debug|iPhoneSimulator.ActiveCfg = Debug|Any CPU
		{5E4095E2-8A6A-425F-958E-C6E127D3FCF1}.Debug|iPhoneSimulator.Build.0 = Debug|Any CPU
		{5E4095E2-8A6A-425F-958E-C6E127D3FCF1}.Debug|iPhoneSimulator.Deploy.0 = Debug|Any CPU
		{5E4095E2-8A6A-425F-958E-C6E127D3FCF1}.Debug|x64.ActiveCfg = Debug|Any CPU
		{5E4095E2-8A6A-425F-958E-C6E127D3FCF1}.Debug|x64.Build.0 = Debug|Any CPU
		{5E4095E2-8A6A-425F-958E-C6E127D3FCF1}.Debug|x64.Deploy.0 = Debug|Any CPU
		{5E4095E2-8A6A-425F-958E-C6E127D3FCF1}.Debug|x86.ActiveCfg = Debug|Any CPU
		{5E4095E2-8A6A-425F-958E-C6E127D3FCF1}.Debug|x86.Build.0 = Debug|Any CPU
		{5E4095E2-8A6A-425F-958E-C6E127D3FCF1}.Debug|x86.Deploy.0 = Debug|Any CPU
		{5E4095E2-8A6A-425F-958E-C6E127D3FCF1}.Release|Any CPU.ActiveCfg = Release|Any CPU
		{5E4095E2-8A6A-425F-958E-C6E127D3FCF1}.Release|Any CPU.Build.0 = Release|Any CPU
		{5E4095E2-8A6A-425F-958E-C6E127D3FCF1}.Release|Any CPU.Deploy.0 = Release|Any CPU
		{5E4095E2-8A6A-425F-958E-C6E127D3FCF1}.Release|ARM.ActiveCfg = Release|Any CPU
		{5E4095E2-8A6A-425F-958E-C6E127D3FCF1}.Release|ARM.Build.0 = Release|Any CPU
		{5E4095E2-8A6A-425F-958E-C6E127D3FCF1}.Release|ARM.Deploy.0 = Release|Any CPU
		{5E4095E2-8A6A-425F-958E-C6E127D3FCF1}.Release|iPhone.ActiveCfg = Release|Any CPU
		{5E4095E2-8A6A-425F-958E-C6E127D3FCF1}.Release|iPhone.Build.0 = Release|Any CPU
		{5E4095E2-8A6A-425F-958E-C6E127D3FCF1}.Release|iPhone.Deploy.0 = Release|Any CPU
		{5E4095E2-8A6A-425F-958E-C6E127D3FCF1}.Release|iPhoneSimulator.ActiveCfg = Release|Any CPU
		{5E4095E2-8A6A-425F-958E-C6E127D3FCF1}.Release|iPhoneSimulator.Build.0 = Release|Any CPU
		{5E4095E2-8A6A-425F-958E-C6E127D3FCF1}.Release|iPhoneSimulator.Deploy.0 = Release|Any CPU
		{5E4095E2-8A6A-425F-958E-C6E127D3FCF1}.Release|x64.ActiveCfg = Release|Any CPU
		{5E4095E2-8A6A-425F-958E-C6E127D3FCF1}.Release|x64.Build.0 = Release|Any CPU
		{5E4095E2-8A6A-425F-958E-C6E127D3FCF1}.Release|x64.Deploy.0 = Release|Any CPU
		{5E4095E2-8A6A-425F-958E-C6E127D3FCF1}.Release|x86.ActiveCfg = Release|Any CPU
		{5E4095E2-8A6A-425F-958E-C6E127D3FCF1}.Release|x86.Build.0 = Release|Any CPU
		{5E4095E2-8A6A-425F-958E-C6E127D3FCF1}.Release|x86.Deploy.0 = Release|Any CPU
		{EE5C0EB6-FAA5-418C-B4A4-B81BB4BAAB6E}.Debug|Any CPU.ActiveCfg = Debug|iPhone
		{EE5C0EB6-FAA5-418C-B4A4-B81BB4BAAB6E}.Debug|Any CPU.Build.0 = Debug|iPhone
		{EE5C0EB6-FAA5-418C-B4A4-B81BB4BAAB6E}.Debug|Any CPU.Deploy.0 = Debug|iPhone
		{EE5C0EB6-FAA5-418C-B4A4-B81BB4BAAB6E}.Debug|ARM.ActiveCfg = Debug|iPhoneSimulator
		{EE5C0EB6-FAA5-418C-B4A4-B81BB4BAAB6E}.Debug|ARM.Build.0 = Debug|iPhoneSimulator
		{EE5C0EB6-FAA5-418C-B4A4-B81BB4BAAB6E}.Debug|ARM.Deploy.0 = Debug|iPhoneSimulator
		{EE5C0EB6-FAA5-418C-B4A4-B81BB4BAAB6E}.Debug|iPhone.ActiveCfg = Debug|iPhone
		{EE5C0EB6-FAA5-418C-B4A4-B81BB4BAAB6E}.Debug|iPhone.Build.0 = Debug|iPhone
		{EE5C0EB6-FAA5-418C-B4A4-B81BB4BAAB6E}.Debug|iPhone.Deploy.0 = Debug|iPhone
		{EE5C0EB6-FAA5-418C-B4A4-B81BB4BAAB6E}.Debug|iPhoneSimulator.ActiveCfg = Debug|iPhoneSimulator
		{EE5C0EB6-FAA5-418C-B4A4-B81BB4BAAB6E}.Debug|iPhoneSimulator.Build.0 = Debug|iPhoneSimulator
		{EE5C0EB6-FAA5-418C-B4A4-B81BB4BAAB6E}.Debug|iPhoneSimulator.Deploy.0 = Debug|iPhoneSimulator
		{EE5C0EB6-FAA5-418C-B4A4-B81BB4BAAB6E}.Debug|x64.ActiveCfg = Debug|iPhone
		{EE5C0EB6-FAA5-418C-B4A4-B81BB4BAAB6E}.Debug|x64.Build.0 = Debug|iPhone
		{EE5C0EB6-FAA5-418C-B4A4-B81BB4BAAB6E}.Debug|x64.Deploy.0 = Debug|iPhone
		{EE5C0EB6-FAA5-418C-B4A4-B81BB4BAAB6E}.Debug|x86.ActiveCfg = Debug|iPhone
		{EE5C0EB6-FAA5-418C-B4A4-B81BB4BAAB6E}.Debug|x86.Build.0 = Debug|iPhone
		{EE5C0EB6-FAA5-418C-B4A4-B81BB4BAAB6E}.Debug|x86.Deploy.0 = Debug|iPhone
		{EE5C0EB6-FAA5-418C-B4A4-B81BB4BAAB6E}.Release|Any CPU.ActiveCfg = Release|iPhone
		{EE5C0EB6-FAA5-418C-B4A4-B81BB4BAAB6E}.Release|Any CPU.Build.0 = Release|iPhone
		{EE5C0EB6-FAA5-418C-B4A4-B81BB4BAAB6E}.Release|Any CPU.Deploy.0 = Release|iPhone
		{EE5C0EB6-FAA5-418C-B4A4-B81BB4BAAB6E}.Release|ARM.ActiveCfg = Release|iPhone
		{EE5C0EB6-FAA5-418C-B4A4-B81BB4BAAB6E}.Release|ARM.Build.0 = Release|iPhone
		{EE5C0EB6-FAA5-418C-B4A4-B81BB4BAAB6E}.Release|ARM.Deploy.0 = Release|iPhone
		{EE5C0EB6-FAA5-418C-B4A4-B81BB4BAAB6E}.Release|iPhone.ActiveCfg = Release|iPhone
		{EE5C0EB6-FAA5-418C-B4A4-B81BB4BAAB6E}.Release|iPhone.Build.0 = Release|iPhone
		{EE5C0EB6-FAA5-418C-B4A4-B81BB4BAAB6E}.Release|iPhone.Deploy.0 = Release|iPhone
		{EE5C0EB6-FAA5-418C-B4A4-B81BB4BAAB6E}.Release|iPhoneSimulator.ActiveCfg = Release|iPhoneSimulator
		{EE5C0EB6-FAA5-418C-B4A4-B81BB4BAAB6E}.Release|iPhoneSimulator.Build.0 = Release|iPhoneSimulator
		{EE5C0EB6-FAA5-418C-B4A4-B81BB4BAAB6E}.Release|iPhoneSimulator.Deploy.0 = Release|iPhoneSimulator
		{EE5C0EB6-FAA5-418C-B4A4-B81BB4BAAB6E}.Release|x64.ActiveCfg = Release|iPhone
		{EE5C0EB6-FAA5-418C-B4A4-B81BB4BAAB6E}.Release|x64.Build.0 = Release|iPhone
		{EE5C0EB6-FAA5-418C-B4A4-B81BB4BAAB6E}.Release|x64.Deploy.0 = Release|iPhone
		{EE5C0EB6-FAA5-418C-B4A4-B81BB4BAAB6E}.Release|x86.ActiveCfg = Release|iPhone
		{EE5C0EB6-FAA5-418C-B4A4-B81BB4BAAB6E}.Release|x86.Build.0 = Release|iPhone
		{EE5C0EB6-FAA5-418C-B4A4-B81BB4BAAB6E}.Release|x86.Deploy.0 = Release|iPhone
		{02C72F97-6B68-4979-95B4-AA2D4637966B}.Debug|Any CPU.ActiveCfg = Debug|Any CPU
		{02C72F97-6B68-4979-95B4-AA2D4637966B}.Debug|Any CPU.Build.0 = Debug|Any CPU
		{02C72F97-6B68-4979-95B4-AA2D4637966B}.Debug|Any CPU.Deploy.0 = Debug|Any CPU
		{02C72F97-6B68-4979-95B4-AA2D4637966B}.Debug|ARM.ActiveCfg = Debug|Any CPU
		{02C72F97-6B68-4979-95B4-AA2D4637966B}.Debug|ARM.Build.0 = Debug|Any CPU
		{02C72F97-6B68-4979-95B4-AA2D4637966B}.Debug|ARM.Deploy.0 = Debug|Any CPU
		{02C72F97-6B68-4979-95B4-AA2D4637966B}.Debug|iPhone.ActiveCfg = Debug|Any CPU
		{02C72F97-6B68-4979-95B4-AA2D4637966B}.Debug|iPhone.Build.0 = Debug|Any CPU
		{02C72F97-6B68-4979-95B4-AA2D4637966B}.Debug|iPhone.Deploy.0 = Debug|Any CPU
		{02C72F97-6B68-4979-95B4-AA2D4637966B}.Debug|iPhoneSimulator.ActiveCfg = Debug|Any CPU
		{02C72F97-6B68-4979-95B4-AA2D4637966B}.Debug|iPhoneSimulator.Build.0 = Debug|Any CPU
		{02C72F97-6B68-4979-95B4-AA2D4637966B}.Debug|iPhoneSimulator.Deploy.0 = Debug|Any CPU
		{02C72F97-6B68-4979-95B4-AA2D4637966B}.Debug|x64.ActiveCfg = Debug|Any CPU
		{02C72F97-6B68-4979-95B4-AA2D4637966B}.Debug|x64.Build.0 = Debug|Any CPU
		{02C72F97-6B68-4979-95B4-AA2D4637966B}.Debug|x64.Deploy.0 = Debug|Any CPU
		{02C72F97-6B68-4979-95B4-AA2D4637966B}.Debug|x86.ActiveCfg = Debug|Any CPU
		{02C72F97-6B68-4979-95B4-AA2D4637966B}.Debug|x86.Build.0 = Debug|Any CPU
		{02C72F97-6B68-4979-95B4-AA2D4637966B}.Debug|x86.Deploy.0 = Debug|Any CPU
		{02C72F97-6B68-4979-95B4-AA2D4637966B}.Release|Any CPU.ActiveCfg = Release|Any CPU
		{02C72F97-6B68-4979-95B4-AA2D4637966B}.Release|Any CPU.Build.0 = Release|Any CPU
		{02C72F97-6B68-4979-95B4-AA2D4637966B}.Release|Any CPU.Deploy.0 = Release|Any CPU
		{02C72F97-6B68-4979-95B4-AA2D4637966B}.Release|ARM.ActiveCfg = Release|Any CPU
		{02C72F97-6B68-4979-95B4-AA2D4637966B}.Release|ARM.Build.0 = Release|Any CPU
		{02C72F97-6B68-4979-95B4-AA2D4637966B}.Release|ARM.Deploy.0 = Release|Any CPU
		{02C72F97-6B68-4979-95B4-AA2D4637966B}.Release|iPhone.ActiveCfg = Release|Any CPU
		{02C72F97-6B68-4979-95B4-AA2D4637966B}.Release|iPhone.Build.0 = Release|Any CPU
		{02C72F97-6B68-4979-95B4-AA2D4637966B}.Release|iPhone.Deploy.0 = Release|Any CPU
		{02C72F97-6B68-4979-95B4-AA2D4637966B}.Release|iPhoneSimulator.ActiveCfg = Release|Any CPU
		{02C72F97-6B68-4979-95B4-AA2D4637966B}.Release|iPhoneSimulator.Build.0 = Release|Any CPU
		{02C72F97-6B68-4979-95B4-AA2D4637966B}.Release|iPhoneSimulator.Deploy.0 = Release|Any CPU
		{02C72F97-6B68-4979-95B4-AA2D4637966B}.Release|x64.ActiveCfg = Release|Any CPU
		{02C72F97-6B68-4979-95B4-AA2D4637966B}.Release|x64.Build.0 = Release|Any CPU
		{02C72F97-6B68-4979-95B4-AA2D4637966B}.Release|x64.Deploy.0 = Release|Any CPU
		{02C72F97-6B68-4979-95B4-AA2D4637966B}.Release|x86.ActiveCfg = Release|Any CPU
		{02C72F97-6B68-4979-95B4-AA2D4637966B}.Release|x86.Build.0 = Release|Any CPU
		{02C72F97-6B68-4979-95B4-AA2D4637966B}.Release|x86.Deploy.0 = Release|Any CPU
	EndGlobalSection
	GlobalSection(SolutionProperties) = preSolution
		HideSolutionNode = FALSE
	EndGlobalSection
	GlobalSection(ExtensibilityGlobals) = postSolution
		SolutionGuid = {063FC8C6-57CB-455C-A48C-43B7C05F5728}
	EndGlobalSection
EndGlobal
